
Microsoft Visual Studio Solution File, Format Version 12.00
# Visual Studio Version 16
VisualStudioVersion = 16.0.30503.244
MinimumVisualStudioVersion = 10.0.40219.1
Project("{FAE04EC0-301F-11D3-BF4B-00C04F79EFBC}") = "Project2ImageEditor", "Project2ImageEditor\Project2ImageEditor.csproj", "{9DFC2B25-8EA0-4D2A-9BC6-9E53A8608B8D}"
EndProject
Global
	GlobalSection(SolutionConfigurationPlatforms) = preSolution
		Debug|Any CPU = Debug|Any CPU
		Release|Any CPU = Release|Any CPU
	EndGlobalSection
	GlobalSection(ProjectConfigurationPlatforms) = postSolution
		{9DFC2B25-8EA0-4D2A-9BC6-9E53A8608B8D}.Debug|Any CPU.ActiveCfg = Debug|Any CPU
		{9DFC2B25-8EA0-4D2A-9BC6-9E53A8608B8D}.Debug|Any CPU.Build.0 = Debug|Any CPU
		{9DFC2B25-8EA0-4D2A-9BC6-9E53A8608B8D}.Release|Any CPU.ActiveCfg = Release|Any CPU
		{9DFC2B25-8EA0-4D2A-9BC6-9E53A8608B8D}.Release|Any CPU.Build.0 = Release|Any CPU
	EndGlobalSection
	GlobalSection(SolutionProperties) = preSolution
		HideSolutionNode = FALSE
	EndGlobalSection
	GlobalSection(ExtensibilityGlobals) = postSolution
		SolutionGuid = {204D3BD9-EF5C-4727-8C91-5B8C07D9F18C}
	EndGlobalSection
EndGlobal
